
Microsoft Visual Studio Solution File, Format Version 12.00
Project("{FAE04EC0-301F-11D3-BF4B-00C04F79EFBC}") = "RectangleApi", "RectangleApi\RectangleApi.csproj", "{11F94132-6894-48F0-BEF4-08741461B669}"
EndProject
Project("{FAE04EC0-301F-11D3-BF4B-00C04F79EFBC}") = "Containers", "Containers\Containers.csproj", "{90291709-2A88-48D1-A52E-25B36488DD14}"
EndProject
Project("{FAE04EC0-301F-11D3-BF4B-00C04F79EFBC}") = "xUnitTest", "xUnitTest\xUnitTest.csproj", "{9437C5E7-E5B8-4A9C-95BF-5A0D7A7FE269}"
EndProject
Global
	GlobalSection(SolutionConfigurationPlatforms) = preSolution
		Debug|Any CPU = Debug|Any CPU
		Release|Any CPU = Release|Any CPU
	EndGlobalSection
	GlobalSection(ProjectConfigurationPlatforms) = postSolution
		{11F94132-6894-48F0-BEF4-08741461B669}.Debug|Any CPU.ActiveCfg = Debug|Any CPU
		{11F94132-6894-48F0-BEF4-08741461B669}.Debug|Any CPU.Build.0 = Debug|Any CPU
		{11F94132-6894-48F0-BEF4-08741461B669}.Release|Any CPU.ActiveCfg = Release|Any CPU
		{11F94132-6894-48F0-BEF4-08741461B669}.Release|Any CPU.Build.0 = Release|Any CPU
		{90291709-2A88-48D1-A52E-25B36488DD14}.Debug|Any CPU.ActiveCfg = Debug|Any CPU
		{90291709-2A88-48D1-A52E-25B36488DD14}.Debug|Any CPU.Build.0 = Debug|Any CPU
		{90291709-2A88-48D1-A52E-25B36488DD14}.Release|Any CPU.ActiveCfg = Release|Any CPU
		{90291709-2A88-48D1-A52E-25B36488DD14}.Release|Any CPU.Build.0 = Release|Any CPU
		{9437C5E7-E5B8-4A9C-95BF-5A0D7A7FE269}.Debug|Any CPU.ActiveCfg = Debug|Any CPU
		{9437C5E7-E5B8-4A9C-95BF-5A0D7A7FE269}.Debug|Any CPU.Build.0 = Debug|Any CPU
		{9437C5E7-E5B8-4A9C-95BF-5A0D7A7FE269}.Release|Any CPU.ActiveCfg = Release|Any CPU
		{9437C5E7-E5B8-4A9C-95BF-5A0D7A7FE269}.Release|Any CPU.Build.0 = Release|Any CPU
	EndGlobalSection
EndGlobal
